lockfileVersion: '6.0'

settings:
  autoInstallPeers: true
  excludeLinksFromLockfile: false

dependencies:
  core-decorators:
    specifier: ^0.20.0
    version: 0.20.0

packages:

  /core-decorators@0.20.0:
    resolution: {integrity: sha512-7cp/Pz3AmQXjRwhAsFN+8ndRiBNyLxtZgC/fhKvrwQTf2ZlZma6LnimoJPrOqgxZ0tIeI9VvSs+QKe0OPJ0SuA==}
    dev: false
